// !$*UTF8*$!
{
	archiveVersion = 1;
	classes = {
	};
	objectVersion = 50;
	objects = {

/* Begin PBXBuildFile section */
		250B277D25FFB3E500AE9FAD /* DraftHQ2021App.swift in Sources */ = {isa = PBXBuildFile; fileRef = 250B277C25FFB3E500AE9FAD /* DraftHQ2021App.swift */; };
		250B277F25FFB3E500AE9FAD /* ContentView.swift in Sources */ = {isa = PBXBuildFile; fileRef = 250B277E25FFB3E500AE9FAD /* ContentView.swift */; };
		250B278125FFB3E600AE9FAD /* Assets.xcassets in Resources */ = {isa = PBXBuildFile; fileRef = 250B278025FFB3E600AE9FAD /* Assets.xcassets */; };
		250B278425FFB3E600AE9FAD /* Preview Assets.xcassets in Resources */ = {isa = PBXBuildFile; fileRef = 250B278325FFB3E600AE9FAD /* Preview Assets.xcassets */; };
		250B279025FFB3E600AE9FAD /* DraftHQ2021Tests.swift in Sources */ = {isa = PBXBuildFile; fileRef = 250B278F25FFB3E600AE9FAD /* DraftHQ2021Tests.swift */; };
		250B279B25FFB3E600AE9FAD /* DraftHQ2021UITests.swift in Sources */ = {isa = PBXBuildFile; fileRef = 250B279A25FFB3E600AE9FAD /* DraftHQ2021UITests.swift */; };
		250B27AF2600221A00AE9FAD /* hitters.json in Resources */ = {isa = PBXBuildFile; fileRef = 250B27AC2600221A00AE9FAD /* hitters.json */; };
		250B27B02600221A00AE9FAD /* pitchers.json in Resources */ = {isa = PBXBuildFile; fileRef = 250B27AD2600221A00AE9FAD /* pitchers.json */; };
		250B27B12600221A00AE9FAD /* teams.json in Resources */ = {isa = PBXBuildFile; fileRef = 250B27AE2600221A00AE9FAD /* teams.json */; };
		250B27BA2600225B00AE9FAD /* PlayerPool.swift in Sources */ = {isa = PBXBuildFile; fileRef = 250B27B62600225B00AE9FAD /* PlayerPool.swift */; };
		250B27BB2600225B00AE9FAD /* Team.swift in Sources */ = {isa = PBXBuildFile; fileRef = 250B27B72600225B00AE9FAD /* Team.swift */; };
		250B27BC2600225B00AE9FAD /* League.swift in Sources */ = {isa = PBXBuildFile; fileRef = 250B27B82600225B00AE9FAD /* League.swift */; };
		250B27BD2600225B00AE9FAD /* Player.swift in Sources */ = {isa = PBXBuildFile; fileRef = 250B27B92600225B00AE9FAD /* Player.swift */; };
		250B27DF2600227600AE9FAD /* RostersHUD.swift in Sources */ = {isa = PBXBuildFile; fileRef = 250B27C32600227600AE9FAD /* RostersHUD.swift */; };
		250B27E02600227600AE9FAD /* TeamRoster.swift in Sources */ = {isa = PBXBuildFile; fileRef = 250B27C42600227600AE9FAD /* TeamRoster.swift */; };
		250B27E12600227600AE9FAD /* RostersTabPlayerRow.swift in Sources */ = {isa = PBXBuildFile; fileRef = 250B27C52600227600AE9FAD /* RostersTabPlayerRow.swift */; };
		250B27E22600227600AE9FAD /* SearchView.swift in Sources */ = {isa = PBXBuildFile; fileRef = 250B27C92600227600AE9FAD /* SearchView.swift */; };
		250B27E32600227600AE9FAD /* SearchResults.swift in Sources */ = {isa = PBXBuildFile; fileRef = 250B27CA2600227600AE9FAD /* SearchResults.swift */; };
		250B27E42600227600AE9FAD /* SearchField.swift in Sources */ = {isa = PBXBuildFile; fileRef = 250B27CB2600227600AE9FAD /* SearchField.swift */; };
		250B27E52600227600AE9FAD /* HeaderRows.swift in Sources */ = {isa = PBXBuildFile; fileRef = 250B27CC2600227600AE9FAD /* HeaderRows.swift */; };
		250B27E62600227600AE9FAD /* CustomSlider.swift in Sources */ = {isa = PBXBuildFile; fileRef = 250B27CE2600227600AE9FAD /* CustomSlider.swift */; };
		250B27E72600227600AE9FAD /* RowExpandButton.swift in Sources */ = {isa = PBXBuildFile; fileRef = 250B27CF2600227600AE9FAD /* RowExpandButton.swift */; };
		250B27E82600227600AE9FAD /* HitterRow.swift in Sources */ = {isa = PBXBuildFile; fileRef = 250B27D02600227600AE9FAD /* HitterRow.swift */; };
		250B27E92600227600AE9FAD /* PitcherRow.swift in Sources */ = {isa = PBXBuildFile; fileRef = 250B27D12600227600AE9FAD /* PitcherRow.swift */; };
		250B27EA2600227600AE9FAD /* ExpandedPlayerRow.swift in Sources */ = {isa = PBXBuildFile; fileRef = 250B27D22600227600AE9FAD /* ExpandedPlayerRow.swift */; };
		250B27EB2600227600AE9FAD /* PlayersHUD.swift in Sources */ = {isa = PBXBuildFile; fileRef = 250B27D32600227600AE9FAD /* PlayersHUD.swift */; };
		250B27EC2600227600AE9FAD /* LeagueHUD.swift in Sources */ = {isa = PBXBuildFile; fileRef = 250B27D42600227600AE9FAD /* LeagueHUD.swift */; };
		250B27ED2600227600AE9FAD /* TeamHUD.swift in Sources */ = {isa = PBXBuildFile; fileRef = 250B27D62600227600AE9FAD /* TeamHUD.swift */; };
		250B27EE2600227600AE9FAD /* MyTeamHUD.swift in Sources */ = {isa = PBXBuildFile; fileRef = 250B27D72600227600AE9FAD /* MyTeamHUD.swift */; };
		250B27EF2600227600AE9FAD /* MyRosterView.swift in Sources */ = {isa = PBXBuildFile; fileRef = 250B27D82600227600AE9FAD /* MyRosterView.swift */; };
		250B27F02600227600AE9FAD /* TeamHUDsStack.swift in Sources */ = {isa = PBXBuildFile; fileRef = 250B27D92600227600AE9FAD /* TeamHUDsStack.swift */; };
		250B27F12600227600AE9FAD /* CentralHUD.swift in Sources */ = {isa = PBXBuildFile; fileRef = 250B27DA2600227600AE9FAD /* CentralHUD.swift */; };
		250B27F22600227600AE9FAD /* TeamRow.swift in Sources */ = {isa = PBXBuildFile; fileRef = 250B27DC2600227600AE9FAD /* TeamRow.swift */; };
		250B27F32600227600AE9FAD /* StandingsView.swift in Sources */ = {isa = PBXBuildFile; fileRef = 250B27DD2600227600AE9FAD /* StandingsView.swift */; };
		250B27F42600227600AE9FAD /* StandingsHeader.swift in Sources */ = {isa = PBXBuildFile; fileRef = 250B27DE2600227600AE9FAD /* StandingsHeader.swift */; };
		250B2800260022F300AE9FAD /* Data.swift in Sources */ = {isa = PBXBuildFile; fileRef = 250B27FC260022F300AE9FAD /* Data.swift */; };
		250B2801260022F300AE9FAD /* Functions.swift in Sources */ = {isa = PBXBuildFile; fileRef = 250B27FD260022F300AE9FAD /* Functions.swift */; };
		250B2802260022F300AE9FAD /* Extensions.swift in Sources */ = {isa = PBXBuildFile; fileRef = 250B27FE260022F300AE9FAD /* Extensions.swift */; };
		250B280F260023ED00AE9FAD /* Dashboard.swift in Sources */ = {isa = PBXBuildFile; fileRef = 250B280E260023ED00AE9FAD /* Dashboard.swift */; };
		250B281526046F7700AE9FAD /* LoadLeague.swift in Sources */ = {isa = PBXBuildFile; fileRef = 250B281426046F7700AE9FAD /* LoadLeague.swift */; };
		250B281D26046FD500AE9FAD /* DraftLeague.swift in Sources */ = {isa = PBXBuildFile; fileRef = 250B281C26046FD500AE9FAD /* DraftLeague.swift */; };
/* End PBXBuildFile section */

/* Begin PBXContainerItemProxy section */
		250B278C25FFB3E600AE9FAD /* PBXContainerItemProxy */ = {
			isa = PBXContainerItemProxy;
			containerPortal = 250B277125FFB3E500AE9FAD /* Project object */;
			proxyType = 1;
			remoteGlobalIDString = 250B277825FFB3E500AE9FAD;
			remoteInfo = DraftHQ2021;
		};
		250B279725FFB3E600AE9FAD /* PBXContainerItemProxy */ = {
			isa = PBXContainerItemProxy;
			containerPortal = 250B277125FFB3E500AE9FAD /* Project object */;
			proxyType = 1;
			remoteGlobalIDString = 250B277825FFB3E500AE9FAD;
			remoteInfo = DraftHQ2021;
		};
/* End PBXContainerItemProxy section */

/* Begin PBXFileReference section */
		250B277925FFB3E500AE9FAD /* DraftHQ2021.app */ = {isa = PBXFileReference; explicitFileType = wrapper.application; includeInIndex = 0; path = DraftHQ2021.app; sourceTree = BUILT_PRODUCTS_DIR; };
		250B277C25FFB3E500AE9FAD /* DraftHQ2021App.swift */ = {isa = PBXFileReference; lastKnownFileType = sourcecode.swift; path = DraftHQ2021App.swift; sourceTree = "<group>"; };
		250B277E25FFB3E500AE9FAD /* ContentView.swift */ = {isa = PBXFileReference; lastKnownFileType = sourcecode.swift; path = ContentView.swift; sourceTree = "<group>"; };
		250B278025FFB3E600AE9FAD /* Assets.xcassets */ = {isa = PBXFileReference; lastKnownFileType = folder.assetcatalog; path = Assets.xcassets; sourceTree = "<group>"; };
		250B278325FFB3E600AE9FAD /* Preview Assets.xcassets */ = {isa = PBXFileReference; lastKnownFileType = folder.assetcatalog; path = "Preview Assets.xcassets"; sourceTree = "<group>"; };
		250B278525FFB3E600AE9FAD /* Info.plist */ = {isa = PBXFileReference; lastKnownFileType = text.plist.xml; path = Info.plist; sourceTree = "<group>"; };
		250B278625FFB3E600AE9FAD /* DraftHQ2021.entitlements */ = {isa = PBXFileReference; lastKnownFileType = text.plist.entitlements; path = DraftHQ2021.entitlements; sourceTree = "<group>"; };
		250B278B25FFB3E600AE9FAD /* DraftHQ2021Tests.xctest */ = {isa = PBXFileReference; explicitFileType = wrapper.cfbundle; includeInIndex = 0; path = DraftHQ2021Tests.xctest; sourceTree = BUILT_PRODUCTS_DIR; };
		250B278F25FFB3E600AE9FAD /* DraftHQ2021Tests.swift */ = {isa = PBXFileReference; lastKnownFileType = sourcecode.swift; path = DraftHQ2021Tests.swift; sourceTree = "<group>"; };
		250B279125FFB3E600AE9FAD /* Info.plist */ = {isa = PBXFileReference; lastKnownFileType = text.plist.xml; path = Info.plist; sourceTree = "<group>"; };
		250B279625FFB3E600AE9FAD /* DraftHQ2021UITests.xctest */ = {isa = PBXFileReference; explicitFileType = wrapper.cfbundle; includeInIndex = 0; path = DraftHQ2021UITests.xctest; sourceTree = BUILT_PRODUCTS_DIR; };
		250B279A25FFB3E600AE9FAD /* DraftHQ2021UITests.swift */ = {isa = PBXFileReference; lastKnownFileType = sourcecode.swift; path = DraftHQ2021UITests.swift; sourceTree = "<group>"; };
		250B279C25FFB3E600AE9FAD /* Info.plist */ = {isa = PBXFileReference; lastKnownFileType = text.plist.xml; path = Info.plist; sourceTree = "<group>"; };
		250B27AC2600221A00AE9FAD /* hitters.json */ = {isa = PBXFileReference; fileEncoding = 4; lastKnownFileType = text.json; path = hitters.json; sourceTree = "<group>"; };
		250B27AD2600221A00AE9FAD /* pitchers.json */ = {isa = PBXFileReference; fileEncoding = 4; lastKnownFileType = text.json; path = pitchers.json; sourceTree = "<group>"; };
		250B27AE2600221A00AE9FAD /* teams.json */ = {isa = PBXFileReference; fileEncoding = 4; lastKnownFileType = text.json; path = teams.json; sourceTree = "<group>"; };
		250B27B62600225B00AE9FAD /* PlayerPool.swift */ = {isa = PBXFileReference; fileEncoding = 4; lastKnownFileType = sourcecode.swift; path = PlayerPool.swift; sourceTree = "<group>"; };
		250B27B72600225B00AE9FAD /* Team.swift */ = {isa = PBXFileReference; fileEncoding = 4; lastKnownFileType = sourcecode.swift; path = Team.swift; sourceTree = "<group>"; };
		250B27B82600225B00AE9FAD /* League.swift */ = {isa = PBXFileReference; fileEncoding = 4; lastKnownFileType = sourcecode.swift; path = League.swift; sourceTree = "<group>"; };
		250B27B92600225B00AE9FAD /* Player.swift */ = {isa = PBXFileReference; fileEncoding = 4; lastKnownFileType = sourcecode.swift; path = Player.swift; sourceTree = "<group>"; };
		250B27C32600227600AE9FAD /* RostersHUD.swift */ = {isa = PBXFileReference; fileEncoding = 4; lastKnownFileType = sourcecode.swift; path = RostersHUD.swift; sourceTree = "<group>"; };
		250B27C42600227600AE9FAD /* TeamRoster.swift */ = {isa = PBXFileReference; fileEncoding = 4; lastKnownFileType = sourcecode.swift; path = TeamRoster.swift; sourceTree = "<group>"; };
		250B27C52600227600AE9FAD /* RostersTabPlayerRow.swift */ = {isa = PBXFileReference; fileEncoding = 4; lastKnownFileType = sourcecode.swift; path = RostersTabPlayerRow.swift; sourceTree = "<group>"; };
		250B27C92600227600AE9FAD /* SearchView.swift */ = {isa = PBXFileReference; fileEncoding = 4; lastKnownFileType = sourcecode.swift; path = SearchView.swift; sourceTree = "<group>"; };
		250B27CA2600227600AE9FAD /* SearchResults.swift */ = {isa = PBXFileReference; fileEncoding = 4; lastKnownFileType = sourcecode.swift; path = SearchResults.swift; sourceTree = "<group>"; };
		250B27CB2600227600AE9FAD /* SearchField.swift */ = {isa = PBXFileReference; fileEncoding = 4; lastKnownFileType = sourcecode.swift; path = SearchField.swift; sourceTree = "<group>"; };
		250B27CC2600227600AE9FAD /* HeaderRows.swift */ = {isa = PBXFileReference; fileEncoding = 4; lastKnownFileType = sourcecode.swift; path = HeaderRows.swift; sourceTree = "<group>"; };
		250B27CE2600227600AE9FAD /* CustomSlider.swift */ = {isa = PBXFileReference; fileEncoding = 4; lastKnownFileType = sourcecode.swift; path = CustomSlider.swift; sourceTree = "<group>"; };
		250B27CF2600227600AE9FAD /* RowExpandButton.swift */ = {isa = PBXFileReference; fileEncoding = 4; lastKnownFileType = sourcecode.swift; path = RowExpandButton.swift; sourceTree = "<group>"; };
		250B27D02600227600AE9FAD /* HitterRow.swift */ = {isa = PBXFileReference; fileEncoding = 4; lastKnownFileType = sourcecode.swift; path = HitterRow.swift; sourceTree = "<group>"; };
		250B27D12600227600AE9FAD /* PitcherRow.swift */ = {isa = PBXFileReference; fileEncoding = 4; lastKnownFileType = sourcecode.swift; path = PitcherRow.swift; sourceTree = "<group>"; };
		250B27D22600227600AE9FAD /* ExpandedPlayerRow.swift */ = {isa = PBXFileReference; fileEncoding = 4; lastKnownFileType = sourcecode.swift; path = ExpandedPlayerRow.swift; sourceTree = "<group>"; };
		250B27D32600227600AE9FAD /* PlayersHUD.swift */ = {isa = PBXFileReference; fileEncoding = 4; lastKnownFileType = sourcecode.swift; path = PlayersHUD.swift; sourceTree = "<group>"; };
		250B27D42600227600AE9FAD /* LeagueHUD.swift */ = {isa = PBXFileReference; fileEncoding = 4; lastKnownFileType = sourcecode.swift; path = LeagueHUD.swift; sourceTree = "<group>"; };
		250B27D62600227600AE9FAD /* TeamHUD.swift */ = {isa = PBXFileReference; fileEncoding = 4; lastKnownFileType = sourcecode.swift; path = TeamHUD.swift; sourceTree = "<group>"; };
		250B27D72600227600AE9FAD /* MyTeamHUD.swift */ = {isa = PBXFileReference; fileEncoding = 4; lastKnownFileType = sourcecode.swift; path = MyTeamHUD.swift; sourceTree = "<group>"; };
		250B27D82600227600AE9FAD /* MyRosterView.swift */ = {isa = PBXFileReference; fileEncoding = 4; lastKnownFileType = sourcecode.swift; path = MyRosterView.swift; sourceTree = "<group>"; };
		250B27D92600227600AE9FAD /* TeamHUDsStack.swift */ = {isa = PBXFileReference; fileEncoding = 4; lastKnownFileType = sourcecode.swift; path = TeamHUDsStack.swift; sourceTree = "<group>"; };
		250B27DA2600227600AE9FAD /* CentralHUD.swift */ = {isa = PBXFileReference; fileEncoding = 4; lastKnownFileType = sourcecode.swift; path = CentralHUD.swift; sourceTree = "<group>"; };
		250B27DC2600227600AE9FAD /* TeamRow.swift */ = {isa = PBXFileReference; fileEncoding = 4; lastKnownFileType = sourcecode.swift; path = TeamRow.swift; sourceTree = "<group>"; };
		250B27DD2600227600AE9FAD /* StandingsView.swift */ = {isa = PBXFileReference; fileEncoding = 4; lastKnownFileType = sourcecode.swift; path = StandingsView.swift; sourceTree = "<group>"; };
		250B27DE2600227600AE9FAD /* StandingsHeader.swift */ = {isa = PBXFileReference; fileEncoding = 4; lastKnownFileType = sourcecode.swift; path = StandingsHeader.swift; sourceTree = "<group>"; };
		250B27FC260022F300AE9FAD /* Data.swift */ = {isa = PBXFileReference; fileEncoding = 4; lastKnownFileType = sourcecode.swift; path = Data.swift; sourceTree = "<group>"; };
		250B27FD260022F300AE9FAD /* Functions.swift */ = {isa = PBXFileReference; fileEncoding = 4; lastKnownFileType = sourcecode.swift; path = Functions.swift; sourceTree = "<group>"; };
		250B27FE260022F300AE9FAD /* Extensions.swift */ = {isa = PBXFileReference; fileEncoding = 4; lastKnownFileType = sourcecode.swift; path = Extensions.swift; sourceTree = "<group>"; };
		250B280E260023ED00AE9FAD /* Dashboard.swift */ = {isa = PBXFileReference; fileEncoding = 4; lastKnownFileType = sourcecode.swift; path = Dashboard.swift; sourceTree = "<group>"; };
		250B281426046F7700AE9FAD /* LoadLeague.swift */ = {isa = PBXFileReference; lastKnownFileType = sourcecode.swift; path = LoadLeague.swift; sourceTree = "<group>"; };
		250B281C26046FD500AE9FAD /* DraftLeague.swift */ = {isa = PBXFileReference; lastKnownFileType = sourcecode.swift; path = DraftLeague.swift; sourceTree = "<group>"; };
/* End PBXFileReference section */

/* Begin PBXFrameworksBuildPhase section */
		250B277625FFB3E500AE9FAD /* Frameworks */ = {
			isa = PBXFrameworksBuildPhase;
			buildActionMask = 2147483647;
			files = (
			);
			runOnlyForDeploymentPostprocessing = 0;
		};
		250B278825FFB3E600AE9FAD /* Frameworks */ = {
			isa = PBXFrameworksBuildPhase;
			buildActionMask = 2147483647;
			files = (
			);
			runOnlyForDeploymentPostprocessing = 0;
		};
		250B279325FFB3E600AE9FAD /* Frameworks */ = {
			isa = PBXFrameworksBuildPhase;
			buildActionMask = 2147483647;
			files = (
			);
			runOnlyForDeploymentPostprocessing = 0;
		};
/* End PBXFrameworksBuildPhase section */

/* Begin PBXGroup section */
		250B277025FFB3E500AE9FAD = {
			isa = PBXGroup;
			children = (
				250B277B25FFB3E500AE9FAD /* DraftHQ2021 */,
				250B278E25FFB3E600AE9FAD /* DraftHQ2021Tests */,
				250B279925FFB3E600AE9FAD /* DraftHQ2021UITests */,
				250B277A25FFB3E500AE9FAD /* Products */,
			);
			sourceTree = "<group>";
		};
		250B277A25FFB3E500AE9FAD /* Products */ = {
			isa = PBXGroup;
			children = (
				250B277925FFB3E500AE9FAD /* DraftHQ2021.app */,
				250B278B25FFB3E600AE9FAD /* DraftHQ2021Tests.xctest */,
				250B279625FFB3E600AE9FAD /* DraftHQ2021UITests.xctest */,
			);
			name = Products;
			sourceTree = "<group>";
		};
		250B277B25FFB3E500AE9FAD /* DraftHQ2021 */ = {
			isa = PBXGroup;
			children = (
				250B277C25FFB3E500AE9FAD /* DraftHQ2021App.swift */,
				250B277E25FFB3E500AE9FAD /* ContentView.swift */,
				250B27C12600227600AE9FAD /* Views */,
				250B27B52600225B00AE9FAD /* Models */,
				250B27AB2600220000AE9FAD /* Data */,
				250B27FB260022F300AE9FAD /* Globals */,
				250B278025FFB3E600AE9FAD /* Assets.xcassets */,
				250B278525FFB3E600AE9FAD /* Info.plist */,
				250B278625FFB3E600AE9FAD /* DraftHQ2021.entitlements */,
				250B278225FFB3E600AE9FAD /* Preview Content */,
			);
			path = DraftHQ2021;
			sourceTree = "<group>";
		};
		250B278225FFB3E600AE9FAD /* Preview Content */ = {
			isa = PBXGroup;
			children = (
				250B278325FFB3E600AE9FAD /* Preview Assets.xcassets */,
			);
			path = "Preview Content";
			sourceTree = "<group>";
		};
		250B278E25FFB3E600AE9FAD /* DraftHQ2021Tests */ = {
			isa = PBXGroup;
			children = (
				250B278F25FFB3E600AE9FAD /* DraftHQ2021Tests.swift */,
				250B279125FFB3E600AE9FAD /* Info.plist */,
			);
			path = DraftHQ2021Tests;
			sourceTree = "<group>";
		};
		250B279925FFB3E600AE9FAD /* DraftHQ2021UITests */ = {
			isa = PBXGroup;
			children = (
				250B279A25FFB3E600AE9FAD /* DraftHQ2021UITests.swift */,
				250B279C25FFB3E600AE9FAD /* Info.plist */,
			);
			path = DraftHQ2021UITests;
			sourceTree = "<group>";
		};
		250B27AB2600220000AE9FAD /* Data */ = {
			isa = PBXGroup;
			children = (
				250B27AC2600221A00AE9FAD /* hitters.json */,
				250B27AD2600221A00AE9FAD /* pitchers.json */,
				250B27AE2600221A00AE9FAD /* teams.json */,
			);
			path = Data;
			sourceTree = "<group>";
		};
		250B27B52600225B00AE9FAD /* Models */ = {
			isa = PBXGroup;
			children = (
				250B281326046F6300AE9FAD /* League */,
				250B27B62600225B00AE9FAD /* PlayerPool.swift */,
				250B27B72600225B00AE9FAD /* Team.swift */,
				250B27B92600225B00AE9FAD /* Player.swift */,
			);
			path = Models;
			sourceTree = "<group>";
		};
		250B27C12600227600AE9FAD /* Views */ = {
			isa = PBXGroup;
			children = (
				250B280E260023ED00AE9FAD /* Dashboard.swift */,
				250B280D260023D800AE9FAD /* CentralHUD */,
				250B27D42600227600AE9FAD /* LeagueHUD.swift */,
				250B27D52600227600AE9FAD /* Teams */,
			);
			path = Views;
			sourceTree = "<group>";
		};
		250B27C22600227600AE9FAD /* CHUD - Rosters */ = {
			isa = PBXGroup;
			children = (
				250B27C32600227600AE9FAD /* RostersHUD.swift */,
				250B27C42600227600AE9FAD /* TeamRoster.swift */,
				250B27C52600227600AE9FAD /* RostersTabPlayerRow.swift */,
			);
			path = "CHUD - Rosters";
			sourceTree = "<group>";
		};
		250B27C62600227600AE9FAD /* CHUD - Players */ = {
			isa = PBXGroup;
			children = (
				250B27C72600227600AE9FAD /* Player Views */,
			);
			path = "CHUD - Players";
			sourceTree = "<group>";
		};
		250B27C72600227600AE9FAD /* Player Views */ = {
			isa = PBXGroup;
			children = (
				250B27C82600227600AE9FAD /* Search Area */,
				250B27CC2600227600AE9FAD /* HeaderRows.swift */,
				250B27CD2600227600AE9FAD /* Components */,
				250B27D02600227600AE9FAD /* HitterRow.swift */,
				250B27D12600227600AE9FAD /* PitcherRow.swift */,
				250B27D22600227600AE9FAD /* ExpandedPlayerRow.swift */,
				250B27D32600227600AE9FAD /* PlayersHUD.swift */,
			);
			path = "Player Views";
			sourceTree = "<group>";
		};
		250B27C82600227600AE9FAD /* Search Area */ = {
			isa = PBXGroup;
			children = (
				250B27C92600227600AE9FAD /* SearchView.swift */,
				250B27CA2600227600AE9FAD /* SearchResults.swift */,
				250B27CB2600227600AE9FAD /* SearchField.swift */,
			);
			path = "Search Area";
			sourceTree = "<group>";
		};
		250B27CD2600227600AE9FAD /* Components */ = {
			isa = PBXGroup;
			children = (
				250B27CE2600227600AE9FAD /* CustomSlider.swift */,
				250B27CF2600227600AE9FAD /* RowExpandButton.swift */,
			);
			path = Components;
			sourceTree = "<group>";
		};
		250B27D52600227600AE9FAD /* Teams */ = {
			isa = PBXGroup;
			children = (
				250B27D62600227600AE9FAD /* TeamHUD.swift */,
				250B27D72600227600AE9FAD /* MyTeamHUD.swift */,
				250B27D82600227600AE9FAD /* MyRosterView.swift */,
				250B27D92600227600AE9FAD /* TeamHUDsStack.swift */,
			);
			path = Teams;
			sourceTree = "<group>";
		};
		250B27DB2600227600AE9FAD /* CHUD - Standings */ = {
			isa = PBXGroup;
			children = (
				250B27DC2600227600AE9FAD /* TeamRow.swift */,
				250B27DD2600227600AE9FAD /* StandingsView.swift */,
				250B27DE2600227600AE9FAD /* StandingsHeader.swift */,
			);
			path = "CHUD - Standings";
			sourceTree = "<group>";
		};
		250B27FB260022F300AE9FAD /* Globals */ = {
			isa = PBXGroup;
			children = (
				250B27FC260022F300AE9FAD /* Data.swift */,
				250B27FD260022F300AE9FAD /* Functions.swift */,
				250B27FE260022F300AE9FAD /* Extensions.swift */,
			);
			path = Globals;
			sourceTree = "<group>";
		};
		250B280D260023D800AE9FAD /* CentralHUD */ = {
			isa = PBXGroup;
			children = (
				250B27C22600227600AE9FAD /* CHUD - Rosters */,
				250B27C62600227600AE9FAD /* CHUD - Players */,
				250B27DA2600227600AE9FAD /* CentralHUD.swift */,
				250B27DB2600227600AE9FAD /* CHUD - Standings */,
			);
			path = CentralHUD;
			sourceTree = "<group>";
		};
		250B281326046F6300AE9FAD /* League */ = {
			isa = PBXGroup;
			children = (
				250B27B82600225B00AE9FAD /* League.swift */,
				250B281426046F7700AE9FAD /* LoadLeague.swift */,
				250B281C26046FD500AE9FAD /* DraftLeague.swift */,
			);
			path = League;
			sourceTree = "<group>";
		};
/* End PBXGroup section */

/* Begin PBXNativeTarget section */
		250B277825FFB3E500AE9FAD /* DraftHQ2021 */ = {
			isa = PBXNativeTarget;
			buildConfigurationList = 250B279F25FFB3E600AE9FAD /* Build configuration list for PBXNativeTarget "DraftHQ2021" */;
			buildPhases = (
				250B277525FFB3E500AE9FAD /* Sources */,
				250B277625FFB3E500AE9FAD /* Frameworks */,
				250B277725FFB3E500AE9FAD /* Resources */,
			);
			buildRules = (
			);
			dependencies = (
			);
			name = DraftHQ2021;
			productName = DraftHQ2021;
			productReference = 250B277925FFB3E500AE9FAD /* DraftHQ2021.app */;
			productType = "com.apple.product-type.application";
		};
		250B278A25FFB3E600AE9FAD /* DraftHQ2021Tests */ = {
			isa = PBXNativeTarget;
			buildConfigurationList = 250B27A225FFB3E600AE9FAD /* Build configuration list for PBXNativeTarget "DraftHQ2021Tests" */;
			buildPhases = (
				250B278725FFB3E600AE9FAD /* Sources */,
				250B278825FFB3E600AE9FAD /* Frameworks */,
				250B278925FFB3E600AE9FAD /* Resources */,
			);
			buildRules = (
			);
			dependencies = (
				250B278D25FFB3E600AE9FAD /* PBXTargetDependency */,
			);
			name = DraftHQ2021Tests;
			productName = DraftHQ2021Tests;
			productReference = 250B278B25FFB3E600AE9FAD /* DraftHQ2021Tests.xctest */;
			productType = "com.apple.product-type.bundle.unit-test";
		};
		250B279525FFB3E600AE9FAD /* DraftHQ2021UITests */ = {
			isa = PBXNativeTarget;
			buildConfigurationList = 250B27A525FFB3E600AE9FAD /* Build configuration list for PBXNativeTarget "DraftHQ2021UITests" */;
			buildPhases = (
				250B279225FFB3E600AE9FAD /* Sources */,
				250B279325FFB3E600AE9FAD /* Frameworks */,
				250B279425FFB3E600AE9FAD /* Resources */,
			);
			buildRules = (
			);
			dependencies = (
				250B279825FFB3E600AE9FAD /* PBXTargetDependency */,
			);
			name = DraftHQ2021UITests;
			productName = DraftHQ2021UITests;
			productReference = 250B279625FFB3E600AE9FAD /* DraftHQ2021UITests.xctest */;
			productType = "com.apple.product-type.bundle.ui-testing";
		};
/* End PBXNativeTarget section */

/* Begin PBXProject section */
		250B277125FFB3E500AE9FAD /* Project object */ = {
			isa = PBXProject;
			attributes = {
				LastSwiftUpdateCheck = 1240;
				LastUpgradeCheck = 1240;
				TargetAttributes = {
					250B277825FFB3E500AE9FAD = {
						CreatedOnToolsVersion = 12.4;
					};
					250B278A25FFB3E600AE9FAD = {
						CreatedOnToolsVersion = 12.4;
						TestTargetID = 250B277825FFB3E500AE9FAD;
					};
					250B279525FFB3E600AE9FAD = {
						CreatedOnToolsVersion = 12.4;
						TestTargetID = 250B277825FFB3E500AE9FAD;
					};
				};
			};
			buildConfigurationList = 250B277425FFB3E500AE9FAD /* Build configuration list for PBXProject "DraftHQ2021" */;
			compatibilityVersion = "Xcode 9.3";
			developmentRegion = en;
			hasScannedForEncodings = 0;
			knownRegions = (
				en,
				Base,
			);
			mainGroup = 250B277025FFB3E500AE9FAD;
			productRefGroup = 250B277A25FFB3E500AE9FAD /* Products */;
			projectDirPath = "";
			projectRoot = "";
			targets = (
				250B277825FFB3E500AE9FAD /* DraftHQ2021 */,
				250B278A25FFB3E600AE9FAD /* DraftHQ2021Tests */,
				250B279525FFB3E600AE9FAD /* DraftHQ2021UITests */,
			);
		};
/* End PBXProject section */

/* Begin PBXResourcesBuildPhase section */
		250B277725FFB3E500AE9FAD /* Resources */ = {
			isa = PBXResourcesBuildPhase;
			buildActionMask = 2147483647;
			files = (
				250B278425FFB3E600AE9FAD /* Preview Assets.xcassets in Resources */,
				250B278125FFB3E600AE9FAD /* Assets.xcassets in Resources */,
				250B27AF2600221A00AE9FAD /* hitters.json in Resources */,
				250B27B02600221A00AE9FAD /* pitchers.json in Resources */,
				250B27B12600221A00AE9FAD /* teams.json in Resources */,
			);
			runOnlyForDeploymentPostprocessing = 0;
		};
		250B278925FFB3E600AE9FAD /* Resources */ = {
			isa = PBXResourcesBuildPhase;
			buildActionMask = 2147483647;
			files = (
			);
			runOnlyForDeploymentPostprocessing = 0;
		};
		250B279425FFB3E600AE9FAD /* Resources */ = {
			isa = PBXResourcesBuildPhase;
			buildActionMask = 2147483647;
			files = (
			);
			runOnlyForDeploymentPostprocessing = 0;
		};
/* End PBXResourcesBuildPhase section */

/* Begin PBXSourcesBuildPhase section */
		250B277525FFB3E500AE9FAD /* Sources */ = {
			isa = PBXSourcesBuildPhase;
			buildActionMask = 2147483647;
			files = (
				250B27E32600227600AE9FAD /* SearchResults.swift in Sources */,
				250B27E72600227600AE9FAD /* RowExpandButton.swift in Sources */,
				250B281526046F7700AE9FAD /* LoadLeague.swift in Sources */,
				250B27EE2600227600AE9FAD /* MyTeamHUD.swift in Sources */,
				250B27EA2600227600AE9FAD /* ExpandedPlayerRow.swift in Sources */,
				250B27E82600227600AE9FAD /* HitterRow.swift in Sources */,
				250B27F32600227600AE9FAD /* StandingsView.swift in Sources */,
				250B27ED2600227600AE9FAD /* TeamHUD.swift in Sources */,
				250B27E62600227600AE9FAD /* CustomSlider.swift in Sources */,
				250B27F42600227600AE9FAD /* StandingsHeader.swift in Sources */,
				250B27F12600227600AE9FAD /* CentralHUD.swift in Sources */,
				250B27F02600227600AE9FAD /* TeamHUDsStack.swift in Sources */,
				250B27EB2600227600AE9FAD /* PlayersHUD.swift in Sources */,
				250B27E22600227600AE9FAD /* SearchView.swift in Sources */,
				250B27BB2600225B00AE9FAD /* Team.swift in Sources */,
				250B27E52600227600AE9FAD /* HeaderRows.swift in Sources */,
				250B27E02600227600AE9FAD /* TeamRoster.swift in Sources */,
				250B27BA2600225B00AE9FAD /* PlayerPool.swift in Sources */,
				250B281D26046FD500AE9FAD /* DraftLeague.swift in Sources */,
				250B27DF2600227600AE9FAD /* RostersHUD.swift in Sources */,
				250B280F260023ED00AE9FAD /* Dashboard.swift in Sources */,
				250B2800260022F300AE9FAD /* Data.swift in Sources */,
				250B2802260022F300AE9FAD /* Extensions.swift in Sources */,
				250B27E42600227600AE9FAD /* SearchField.swift in Sources */,
				250B277F25FFB3E500AE9FAD /* ContentView.swift in Sources */,
				250B27EC2600227600AE9FAD /* LeagueHUD.swift in Sources */,
				250B27E12600227600AE9FAD /* RostersTabPlayerRow.swift in Sources */,
				250B2801260022F300AE9FAD /* Functions.swift in Sources */,
				250B27BC2600225B00AE9FAD /* League.swift in Sources */,
				250B27EF2600227600AE9FAD /* MyRosterView.swift in Sources */,
				250B27E92600227600AE9FAD /* PitcherRow.swift in Sources */,
				250B27F22600227600AE9FAD /* TeamRow.swift in Sources */,
				250B27BD2600225B00AE9FAD /* Player.swift in Sources */,
				250B277D25FFB3E500AE9FAD /* DraftHQ2021App.swift in Sources */,
			);
			runOnlyForDeploymentPostprocessing = 0;
		};
		250B278725FFB3E600AE9FAD /* Sources */ = {
			isa = PBXSourcesBuildPhase;
			buildActionMask = 2147483647;
			files = (
				250B279025FFB3E600AE9FAD /* DraftHQ2021Tests.swift in Sources */,
			);
			runOnlyForDeploymentPostprocessing = 0;
		};
		250B279225FFB3E600AE9FAD /* Sources */ = {
			isa = PBXSourcesBuildPhase;
			buildActionMask = 2147483647;
			files = (
				250B279B25FFB3E600AE9FAD /* DraftHQ2021UITests.swift in Sources */,
			);
			runOnlyForDeploymentPostprocessing = 0;
		};
/* End PBXSourcesBuildPhase section */

/* Begin PBXTargetDependency section */
		250B278D25FFB3E600AE9FAD /* PBXTargetDependency */ = {
			isa = PBXTargetDependency;
			target = 250B277825FFB3E500AE9FAD /* DraftHQ2021 */;
			targetProxy = 250B278C25FFB3E600AE9FAD /* PBXContainerItemProxy */;
		};
		250B279825FFB3E600AE9FAD /* PBXTargetDependency */ = {
			isa = PBXTargetDependency;
			target = 250B277825FFB3E500AE9FAD /* DraftHQ2021 */;
			targetProxy = 250B279725FFB3E600AE9FAD /* PBXContainerItemProxy */;
		};
/* End PBXTargetDependency section */

/* Begin XCBuildConfiguration section */
		250B279D25FFB3E600AE9FAD /* Debug */ = {
			isa = XCBuildConfiguration;
			buildSettings = {
				ALWAYS_SEARCH_USER_PATHS = NO;
				CLANG_ANALYZER_NONNULL = YES;
				CLANG_ANALYZER_NUMBER_OBJECT_CONVERSION = YES_AGGRESSIVE;
				CLANG_CXX_LANGUAGE_STANDARD = "gnu++14";
				CLANG_CXX_LIBRARY = "libc++";
				CLANG_ENABLE_MODULES = YES;
				CLANG_ENABLE_OBJC_ARC = YES;
				CLANG_ENABLE_OBJC_WEAK = YES;
				CLANG_WARN_BLOCK_CAPTURE_AUTORELEASING = YES;
				CLANG_WARN_BOOL_CONVERSION = YES;
				CLANG_WARN_COMMA = YES;
				CLANG_WARN_CONSTANT_CONVERSION = YES;
				CLANG_WARN_DEPRECATED_OBJC_IMPLEMENTATIONS = YES;
				CLANG_WARN_DIRECT_OBJC_ISA_USAGE = YES_ERROR;
				CLANG_WARN_DOCUMENTATION_COMMENTS = YES;
				CLANG_WARN_EMPTY_BODY = YES;
				CLANG_WARN_ENUM_CONVERSION = YES;
				CLANG_WARN_INFINITE_RECURSION = YES;
				CLANG_WARN_INT_CONVERSION = YES;
				CLANG_WARN_NON_LITERAL_NULL_CONVERSION = YES;
				CLANG_WARN_OBJC_IMPLICIT_RETAIN_SELF = YES;
				CLANG_WARN_OBJC_LITERAL_CONVERSION = YES;
				CLANG_WARN_OBJC_ROOT_CLASS = YES_ERROR;
				CLANG_WARN_QUOTED_INCLUDE_IN_FRAMEWORK_HEADER = YES;
				CLANG_WARN_RANGE_LOOP_ANALYSIS = YES;
				CLANG_WARN_STRICT_PROTOTYPES = YES;
				CLANG_WARN_SUSPICIOUS_MOVE = YES;
				CLANG_WARN_UNGUARDED_AVAILABILITY = YES_AGGRESSIVE;
				CLANG_WARN_UNREACHABLE_CODE = YES;
				CLANG_WARN__DUPLICATE_METHOD_MATCH = YES;
				COPY_PHASE_STRIP = NO;
				DEBUG_INFORMATION_FORMAT = dwarf;
				ENABLE_STRICT_OBJC_MSGSEND = YES;
				ENABLE_TESTABILITY = YES;
				GCC_C_LANGUAGE_STANDARD = gnu11;
				GCC_DYNAMIC_NO_PIC = NO;
				GCC_NO_COMMON_BLOCKS = YES;
				GCC_OPTIMIZATION_LEVEL = 0;
				GCC_PREPROCESSOR_DEFINITIONS = (
					"DEBUG=1",
					"$(inherited)",
				);
				GCC_WARN_64_TO_32_BIT_CONVERSION = YES;
				GCC_WARN_ABOUT_RETURN_TYPE = YES_ERROR;
				GCC_WARN_UNDECLARED_SELECTOR = YES;
				GCC_WARN_UNINITIALIZED_AUTOS = YES_AGGRESSIVE;
				GCC_WARN_UNUSED_FUNCTION = YES;
				GCC_WARN_UNUSED_VARIABLE = YES;
				MACOSX_DEPLOYMENT_TARGET = 11.1;
				MTL_ENABLE_DEBUG_INFO = INCLUDE_SOURCE;
				MTL_FAST_MATH = YES;
				ONLY_ACTIVE_ARCH = YES;
				SDKROOT = macosx;
				SWIFT_ACTIVE_COMPILATION_CONDITIONS = DEBUG;
				SWIFT_OPTIMIZATION_LEVEL = "-Onone";
			};
			name = Debug;
		};
		250B279E25FFB3E600AE9FAD /* Release */ = {
			isa = XCBuildConfiguration;
			buildSettings = {
				ALWAYS_SEARCH_USER_PATHS = NO;
				CLANG_ANALYZER_NONNULL = YES;
				CLANG_ANALYZER_NUMBER_OBJECT_CONVERSION = YES_AGGRESSIVE;
				CLANG_CXX_LANGUAGE_STANDARD = "gnu++14";
				CLANG_CXX_LIBRARY = "libc++";
				CLANG_ENABLE_MODULES = YES;
				CLANG_ENABLE_OBJC_ARC = YES;
				CLANG_ENABLE_OBJC_WEAK = YES;
				CLANG_WARN_BLOCK_CAPTURE_AUTORELEASING = YES;
				CLANG_WARN_BOOL_CONVERSION = YES;
				CLANG_WARN_COMMA = YES;
				CLANG_WARN_CONSTANT_CONVERSION = YES;
				CLANG_WARN_DEPRECATED_OBJC_IMPLEMENTATIONS = YES;
				CLANG_WARN_DIRECT_OBJC_ISA_USAGE = YES_ERROR;
				CLANG_WARN_DOCUMENTATION_COMMENTS = YES;
				CLANG_WARN_EMPTY_BODY = YES;
				CLANG_WARN_ENUM_CONVERSION = YES;
				CLANG_WARN_INFINITE_RECURSION = YES;
				CLANG_WARN_INT_CONVERSION = YES;
				CLANG_WARN_NON_LITERAL_NULL_CONVERSION = YES;
				CLANG_WARN_OBJC_IMPLICIT_RETAIN_SELF = YES;
				CLANG_WARN_OBJC_LITERAL_CONVERSION = YES;
				CLANG_WARN_OBJC_ROOT_CLASS = YES_ERROR;
				CLANG_WARN_QUOTED_INCLUDE_IN_FRAMEWORK_HEADER = YES;
				CLANG_WARN_RANGE_LOOP_ANALYSIS = YES;
				CLANG_WARN_STRICT_PROTOTYPES = YES;
				CLANG_WARN_SUSPICIOUS_MOVE = YES;
				CLANG_WARN_UNGUARDED_AVAILABILITY = YES_AGGRESSIVE;
				CLANG_WARN_UNREACHABLE_CODE = YES;
				CLANG_WARN__DUPLICATE_METHOD_MATCH = YES;
				COPY_PHASE_STRIP = NO;
				DEBUG_INFORMATION_FORMAT = "dwarf-with-dsym";
				ENABLE_NS_ASSERTIONS = NO;
				ENABLE_STRICT_OBJC_MSGSEND = YES;
				GCC_C_LANGUAGE_STANDARD = gnu11;
				GCC_NO_COMMON_BLOCKS = YES;
				GCC_WARN_64_TO_32_BIT_CONVERSION = YES;
				GCC_WARN_ABOUT_RETURN_TYPE = YES_ERROR;
				GCC_WARN_UNDECLARED_SELECTOR = YES;
				GCC_WARN_UNINITIALIZED_AUTOS = YES_AGGRESSIVE;
				GCC_WARN_UNUSED_FUNCTION = YES;
				GCC_WARN_UNUSED_VARIABLE = YES;
				MACOSX_DEPLOYMENT_TARGET = 11.1;
				MTL_ENABLE_DEBUG_INFO = NO;
				MTL_FAST_MATH = YES;
				SDKROOT = macosx;
				SWIFT_COMPILATION_MODE = wholemodule;
				SWIFT_OPTIMIZATION_LEVEL = "-O";
			};
			name = Release;
		};
		250B27A025FFB3E600AE9FAD /* Debug */ = {
			isa = XCBuildConfiguration;
			buildSettings = {
				ASSETCATALOG_COMPILER_APPICON_NAME = AppIcon;
				ASSETCATALOG_COMPILER_GLOBAL_ACCENT_COLOR_NAME = AccentColor;
				CODE_SIGN_ENTITLEMENTS = DraftHQ2021/DraftHQ2021.entitlements;
				CODE_SIGN_STYLE = Automatic;
				COMBINE_HIDPI_IMAGES = YES;
				DEVELOPMENT_ASSET_PATHS = "\"DraftHQ2021/Preview Content\"";
				DEVELOPMENT_TEAM = 5AJ5NZESYF;
				ENABLE_HARDENED_RUNTIME = YES;
				ENABLE_PREVIEWS = YES;
				INFOPLIST_FILE = DraftHQ2021/Info.plist;
				LD_RUNPATH_SEARCH_PATHS = (
					"$(inherited)",
					"@executable_path/../Frameworks",
				);
				MACOSX_DEPLOYMENT_TARGET = 11.0;
				PRODUCT_BUNDLE_IDENTIFIER = honeykom.DraftHQ2021;
				PRODUCT_NAME = "$(TARGET_NAME)";
				SWIFT_VERSION = 5.0;
			};
			name = Debug;
		};
		250B27A125FFB3E600AE9FAD /* Release */ = {
			isa = XCBuildConfiguration;
			buildSettings = {
				ASSETCATALOG_COMPILER_APPICON_NAME = AppIcon;
				ASSETCATALOG_COMPILER_GLOBAL_ACCENT_COLOR_NAME = AccentColor;
				CODE_SIGN_ENTITLEMENTS = DraftHQ2021/DraftHQ2021.entitlements;
				CODE_SIGN_STYLE = Automatic;
				COMBINE_HIDPI_IMAGES = YES;
				DEVELOPMENT_ASSET_PATHS = "\"DraftHQ2021/Preview Content\"";
				DEVELOPMENT_TEAM = 5AJ5NZESYF;
				ENABLE_HARDENED_RUNTIME = YES;
				ENABLE_PREVIEWS = YES;
				INFOPLIST_FILE = DraftHQ2021/Info.plist;
				LD_RUNPATH_SEARCH_PATHS = (
					"$(inherited)",
					"@executable_path/../Frameworks",
				);
				MACOSX_DEPLOYMENT_TARGET = 11.0;
				PRODUCT_BUNDLE_IDENTIFIER = honeykom.DraftHQ2021;
				PRODUCT_NAME = "$(TARGET_NAME)";
				SWIFT_VERSION = 5.0;
			};
			name = Release;
		};
		250B27A325FFB3E600AE9FAD /* Debug */ = {
			isa = XCBuildConfiguration;
			buildSettings = {
				ALWAYS_EMBED_SWIFT_STANDARD_LIBRARIES = YES;
				BUNDLE_LOADER = "$(TEST_HOST)";
				CODE_SIGN_STYLE = Automatic;
				COMBINE_HIDPI_IMAGES = YES;
				DEVELOPMENT_TEAM = 5AJ5NZESYF;
				INFOPLIST_FILE = DraftHQ2021Tests/Info.plist;
				LD_RUNPATH_SEARCH_PATHS = (
					"$(inherited)",
					"@executable_path/../Frameworks",
					"@loader_path/../Frameworks",
				);
				MACOSX_DEPLOYMENT_TARGET = 11.0;
				PRODUCT_BUNDLE_IDENTIFIER = honeykom.DraftHQ2021Tests;
				PRODUCT_NAME = "$(TARGET_NAME)";
				SWIFT_VERSION = 5.0;
				TEST_HOST = "$(BUILT_PRODUCTS_DIR)/DraftHQ2021.app/Contents/MacOS/DraftHQ2021";
			};
			name = Debug;
		};
		250B27A425FFB3E600AE9FAD /* Release */ = {
			isa = XCBuildConfiguration;
			buildSettings = {
				ALWAYS_EMBED_SWIFT_STANDARD_LIBRARIES = YES;
				BUNDLE_LOADER = "$(TEST_HOST)";
				CODE_SIGN_STYLE = Automatic;
				COMBINE_HIDPI_IMAGES = YES;
				DEVELOPMENT_TEAM = 5AJ5NZESYF;
				INFOPLIST_FILE = DraftHQ2021Tests/Info.plist;
				LD_RUNPATH_SEARCH_PATHS = (
					"$(inherited)",
					"@executable_path/../Frameworks",
					"@loader_path/../Frameworks",
				);
				MACOSX_DEPLOYMENT_TARGET = 11.0;
				PRODUCT_BUNDLE_IDENTIFIER = honeykom.DraftHQ2021Tests;
				PRODUCT_NAME = "$(TARGET_NAME)";
				SWIFT_VERSION = 5.0;
				TEST_HOST = "$(BUILT_PRODUCTS_DIR)/DraftHQ2021.app/Contents/MacOS/DraftHQ2021";
			};
			name = Release;
		};
		250B27A625FFB3E600AE9FAD /* Debug */ = {
			isa = XCBuildConfiguration;
			buildSettings = {
				ALWAYS_EMBED_SWIFT_STANDARD_LIBRARIES = YES;
				CODE_SIGN_STYLE = Automatic;
				COMBINE_HIDPI_IMAGES = YES;
				DEVELOPMENT_TEAM = 5AJ5NZESYF;
				INFOPLIST_FILE = DraftHQ2021UITests/Info.plist;
				LD_RUNPATH_SEARCH_PATHS = (
					"$(inherited)",
					"@executable_path/../Frameworks",
					"@loader_path/../Frameworks",
				);
				PRODUCT_BUNDLE_IDENTIFIER = honeykom.DraftHQ2021UITests;
				PRODUCT_NAME = "$(TARGET_NAME)";
				SWIFT_VERSION = 5.0;
				TEST_TARGET_NAME = DraftHQ2021;
			};
			name = Debug;
		};
		250B27A725FFB3E600AE9FAD /* Release */ = {
			isa = XCBuildConfiguration;
			buildSettings = {
				ALWAYS_EMBED_SWIFT_STANDARD_LIBRARIES = YES;
				CODE_SIGN_STYLE = Automatic;
				COMBINE_HIDPI_IMAGES = YES;
				DEVELOPMENT_TEAM = 5AJ5NZESYF;
				INFOPLIST_FILE = DraftHQ2021UITests/Info.plist;
				LD_RUNPATH_SEARCH_PATHS = (
					"$(inherited)",
					"@executable_path/../Frameworks",
					"@loader_path/../Frameworks",
				);
				PRODUCT_BUNDLE_IDENTIFIER = honeykom.DraftHQ2021UITests;
				PRODUCT_NAME = "$(TARGET_NAME)";
				SWIFT_VERSION = 5.0;
				TEST_TARGET_NAME = DraftHQ2021;
			};
			name = Release;
		};
/* End XCBuildConfiguration section */

/* Begin XCConfigurationList section */
		250B277425FFB3E500AE9FAD /* Build configuration list for PBXProject "DraftHQ2021" */ = {
			isa = XCConfigurationList;
			buildConfigurations = (
				250B279D25FFB3E600AE9FAD /* Debug */,
				250B279E25FFB3E600AE9FAD /* Release */,
			);
			defaultConfigurationIsVisible = 0;
			defaultConfigurationName = Release;
		};
		250B279F25FFB3E600AE9FAD /* Build configuration list for PBXNativeTarget "DraftHQ2021" */ = {
			isa = XCConfigurationList;
			buildConfigurations = (
				250B27A025FFB3E600AE9FAD /* Debug */,
				250B27A125FFB3E600AE9FAD /* Release */,
			);
			defaultConfigurationIsVisible = 0;
			defaultConfigurationName = Release;
		};
		250B27A225FFB3E600AE9FAD /* Build configuration list for PBXNativeTarget "DraftHQ2021Tests" */ = {
			isa = XCConfigurationList;
			buildConfigurations = (
				250B27A325FFB3E600AE9FAD /* Debug */,
				250B27A425FFB3E600AE9FAD /* Release */,
			);
			defaultConfigurationIsVisible = 0;
			defaultConfigurationName = Release;
		};
		250B27A525FFB3E600AE9FAD /* Build configuration list for PBXNativeTarget "DraftHQ2021UITests" */ = {
			isa = XCConfigurationList;
			buildConfigurations = (
				250B27A625FFB3E600AE9FAD /* Debug */,
				250B27A725FFB3E600AE9FAD /* Release */,
			);
			defaultConfigurationIsVisible = 0;
			defaultConfigurationName = Release;
		};
/* End XCConfigurationList section */
	};
	rootObject = 250B277125FFB3E500AE9FAD /* Project object */;
}
